
Microsoft Visual Studio Solution File, Format Version 12.00
# Visual Studio Version 17
VisualStudioVersion = 17.3.32922.545
MinimumVisualStudioVersion = 10.0.40219.1
Project("{FAE04EC0-301F-11D3-BF4B-00C04F79EFBC}") = "JqueryDatatablePractice", "JqueryDatatablePractice\JqueryDatatablePractice.csproj", "{55A80BDA-D859-42A4-A6CF-066EC14ED79A}"
EndProject
Global
	GlobalSection(SolutionConfigurationPlatforms) = preSolution
		Debug|Any CPU = Debug|Any CPU
		Release|Any CPU = Release|Any CPU
	EndGlobalSection
	GlobalSection(ProjectConfigurationPlatforms) = postSolution
		{55A80BDA-D859-42A4-A6CF-066EC14ED79A}.Debug|Any CPU.ActiveCfg = Debug|Any CPU
		{55A80BDA-D859-42A4-A6CF-066EC14ED79A}.Debug|Any CPU.Build.0 = Debug|Any CPU
		{55A80BDA-D859-42A4-A6CF-066EC14ED79A}.Release|Any CPU.ActiveCfg = Release|Any CPU
		{55A80BDA-D859-42A4-A6CF-066EC14ED79A}.Release|Any CPU.Build.0 = Release|Any CPU
	EndGlobalSection
	GlobalSection(SolutionProperties) = preSolution
		HideSolutionNode = FALSE
	EndGlobalSection
	GlobalSection(ExtensibilityGlobals) = postSolution
		SolutionGuid = {FE0A1F1E-CADA-4B52-9845-B5019468A74D}
	EndGlobalSection
EndGlobal
